
Microsoft Visual Studio Solution File, Format Version 11.00
# Visual Studio 2010
Project("{FAE04EC0-301F-11D3-BF4B-00C04F79EFBC}") = "D_HansSs_Villa", "D_HansSs_Villa\D_HansSs_Villa.csproj", "{3AC09297-B996-4D30-A917-6F719FE86F1D}"
EndProject
Global
	GlobalSection(SolutionConfigurationPlatforms) = preSolution
		Debug|Any CPU = Debug|Any CPU
		Release|Any CPU = Release|Any CPU
	EndGlobalSection
	GlobalSection(ProjectConfigurationPlatforms) = postSolution
		{3AC09297-B996-4D30-A917-6F719FE86F1D}.Debug|Any CPU.ActiveCfg = Debug|Any CPU
		{3AC09297-B996-4D30-A917-6F719FE86F1D}.Debug|Any CPU.Build.0 = Debug|Any CPU
		{3AC09297-B996-4D30-A917-6F719FE86F1D}.Release|Any CPU.ActiveCfg = Release|Any CPU
		{3AC09297-B996-4D30-A917-6F719FE86F1D}.Release|Any CPU.Build.0 = Release|Any CPU
	EndGlobalSection
	GlobalSection(SolutionProperties) = preSolution
		HideSolutionNode = FALSE
	EndGlobalSection
EndGlobal
